{
  "name": "@alexbosworth/fiat",
  "version": "2.0.0",
  "lockfileVersion": 2,
  "requires": true,
  "packages": {
    "": {
      "name": "@alexbosworth/fiat",
      "version": "2.0.0",
      "license": "MIT",
      "dependencies": {
        "async": "3.2.4",
        "asyncjs-util": "1.2.12"
      },
      "engines": {
        "node": ">=16"
      }
    },
    "node_modules/async": {
      "version": "3.2.4",
      "resolved": "https://registry.npmjs.org/async/-/async-3.2.4.tgz",
      "integrity": "sha512-iAB+JbDEGXhyIUavoDl9WP/Jj106Kz9DEn1DPgYw5ruDn0e3Wgi3sKFm55sASdGBNOQB8F59d9qQ7deqrHA8wQ=="
    },
    "node_modules/asyncjs-util": {
      "version": "1.2.12",
      "resolved": "https://registry.npmjs.org/asyncjs-util/-/asyncjs-util-1.2.12.tgz",
      "integrity": "sha512-ZuiV9aMltl2Db9AB+4h0esHOc642ktBivOhyV3ZHQ4nHwSPH7KiLIxiPTubO4cyx6aJ1Cb5ASJVHUiTk+6DVQQ==",
      "dependencies": {
        "async": "3.2.4"
      }
    }
  },
  "dependencies": {
    "async": {
      "version": "3.2.4",
      "resolved": "https://registry.npmjs.org/async/-/async-3.2.4.tgz",
      "integrity": "sha512-iAB+JbDEGXhyIUavoDl9WP/Jj106Kz9DEn1DPgYw5ruDn0e3Wgi3sKFm55sASdGBNOQB8F59d9qQ7deqrHA8wQ=="
    },
    "asyncjs-util": {
      "version": "1.2.12",
      "resolved": "https://registry.npmjs.org/asyncjs-util/-/asyncjs-util-1.2.12.tgz",
      "integrity": "sha512-ZuiV9aMltl2Db9AB+4h0esHOc642ktBivOhyV3ZHQ4nHwSPH7KiLIxiPTubO4cyx6aJ1Cb5ASJVHUiTk+6DVQQ==",
      "requires": {
        "async": "3.2.4"
      }
    }
  }
}
